
Microsoft Visual Studio Solution File, Format Version 12.00
# Visual Studio Version 17
VisualStudioVersion = 17.14.37111.16
MinimumVisualStudioVersion = 10.0.40219.1
Project("{FAE04EC0-301F-11D3-BF4B-00C04F79EFBC}") = "hackathon", "hackathon\hackathon.csproj", "{70A3936F-5EAB-4FD8-9C2D-D545ECA64B73}"
EndProject
Global
	GlobalSection(SolutionConfigurationPlatforms) = preSolution
		Debug|Any CPU = Debug|Any CPU
		Release|Any CPU = Release|Any CPU
	EndGlobalSection
	GlobalSection(ProjectConfigurationPlatforms) = postSolution
		{70A3936F-5EAB-4FD8-9C2D-D545ECA64B73}.Debug|Any CPU.ActiveCfg = Debug|Any CPU
		{70A3936F-5EAB-4FD8-9C2D-D545ECA64B73}.Debug|Any CPU.Build.0 = Debug|Any CPU
		{70A3936F-5EAB-4FD8-9C2D-D545ECA64B73}.Release|Any CPU.ActiveCfg = Release|Any CPU
		{70A3936F-5EAB-4FD8-9C2D-D545ECA64B73}.Release|Any CPU.Build.0 = Release|Any CPU
	EndGlobalSection
	GlobalSection(SolutionProperties) = preSolution
		HideSolutionNode = FALSE
	EndGlobalSection
	GlobalSection(ExtensibilityGlobals) = postSolution
		SolutionGuid = {C99775E0-ED8C-4100-B12B-112E91C5C379}
	EndGlobalSection
EndGlobal
